{
  "version": "3",
  "remote": {
    "https://deno.land/std@0.216.0/datetime/_common.ts": "a62214c1924766e008e27d3d843ceba4b545dc2aa9880de0ecdef9966d5736b6",
    "https://deno.land/std@0.216.0/datetime/constants.ts": "5c198b3b47fbcc4d913e61dcae1c37e053937affc2c9a6a5ad7e5473bab3e4a6",
    "https://deno.land/std@0.216.0/datetime/day_of_year.ts": "501924941a9b007dc4f6a805c14eb10397fa03af3db5670c5df8b67f40ca0e92",
    "https://deno.land/std@0.216.0/datetime/difference.ts": "eb32269322353e8c88375b98b20791311012a84a47050c690221ed5c820a58f1",
    "https://deno.land/std@0.216.0/datetime/format.ts": "1dc9853dbc9bfa0851d6b8ef1e224f69cc87b91e88546d48124855be974ff96d",
    "https://deno.land/std@0.216.0/datetime/is_leap.ts": "8c22857127daad38593124408382cd09b7f8f19d2b33b44b7d04e6a176d621e0",
    "https://deno.land/std@0.216.0/datetime/mod.ts": "e191e5498662322024f21e29875cb4d6c5a9bf55e54d571b144c17678b069044",
    "https://deno.land/std@0.216.0/datetime/parse.ts": "bb248bbcb3cd54bcaf504a1ee670fc4695e429d9019c06af954bbe2bcb8f1d02",
    "https://deno.land/std@0.216.0/datetime/week_of_year.ts": "efbafeff83418e049931d1668669396025020a73094af6291129761d68aa6a73"
  }
}
