{
  "version": "3",
  "remote": {
    "https://deno.land/std@0.208.0/datetime/_common.ts": "32ab92a6a9353e2f7ee23a30f0dfbd458b750e1c6fd71af1ec83f93a8f7c268a",
    "https://deno.land/std@0.208.0/datetime/constants.ts": "b63a6b702e06fa028fb2ffa25e0cf775e3b21cf7f38e53a6f219e9641894dfbb",
    "https://deno.land/std@0.208.0/datetime/day_of_year.ts": "2d50431735f4b1b171dcd8c339f991c3efca8c8d8618a3ebfe501a7aa0e1efd5",
    "https://deno.land/std@0.208.0/datetime/difference.ts": "fab879a5a7caf44604c240898ed2c7cdd16f037a3bd6e0cb185994fafbd71e4b",
    "https://deno.land/std@0.208.0/datetime/format.ts": "2d7a430ca9571e054ac181dcb950faf9ac23445e081dcb230ca37134e6eaad0c",
    "https://deno.land/std@0.208.0/datetime/is_leap.ts": "706c3579a34d38111eea92c1b8683e859e5c5db9ec05f08a9b611ec888fbd787",
    "https://deno.land/std@0.208.0/datetime/mod.ts": "8fccadb22ad67775374a375e0077ef008bed80a20ccf8a3285115a071d08f75e",
    "https://deno.land/std@0.208.0/datetime/parse.ts": "b59f583e7fe5ef2105c6dd4a74825670c9f4e1e35462c047c6f0a207b5653aac",
    "https://deno.land/std@0.208.0/datetime/to_imf.ts": "cfb2c890253685bb68f5bf3cd8040bfd20d8551c2e839ae94963e9fc33915802",
    "https://deno.land/std@0.208.0/datetime/week_of_year.ts": "663be3ac95630499625cd8416f5145705dd2f553071133646adfd1ea8381156d",
    "https://deno.land/std@0.208.0/dotenv/mod.ts": "039468f5c87d39b69d7ca6c3d68ebca82f206ec0ff5e011d48205eea292ea5a6"
  }
}
